
Microsoft Visual Studio Solution File, Format Version 12.00
# Visual Studio 15
Project("{FAE04EC0-301F-11D3-BF4B-00C04F79EFBC}") = "Assembly-CSharp", "Assembly-CSharp.csproj", "{6EA743FD-AD37-75F2-04D2-D165E183E3E1}"
EndProject
Project("{FAE04EC0-301F-11D3-BF4B-00C04F79EFBC}") = "Assembly-CSharp-Editor", "Assembly-CSharp-Editor.csproj", "{5326A6D4-FA15-F3CC-696E-842D35EA528F}"
EndProject
Global
	GlobalSection(SolutionConfigurationPlatforms) = preSolution
		Debug|Any CPU = Debug|Any CPU
		Release|Any CPU = Release|Any CPU
	EndGlobalSection
	GlobalSection(ProjectConfigurationPlatforms) = postSolution
		{6EA743FD-AD37-75F2-04D2-D165E183E3E1}.Debug|Any CPU.ActiveCfg = Debug|Any CPU
		{6EA743FD-AD37-75F2-04D2-D165E183E3E1}.Debug|Any CPU.Build.0 = Debug|Any CPU
		{6EA743FD-AD37-75F2-04D2-D165E183E3E1}.Release|Any CPU.ActiveCfg = Release|Any CPU
		{6EA743FD-AD37-75F2-04D2-D165E183E3E1}.Release|Any CPU.Build.0 = Release|Any CPU
		{5326A6D4-FA15-F3CC-696E-842D35EA528F}.Debug|Any CPU.ActiveCfg = Debug|Any CPU
		{5326A6D4-FA15-F3CC-696E-842D35EA528F}.Debug|Any CPU.Build.0 = Debug|Any CPU
		{5326A6D4-FA15-F3CC-696E-842D35EA528F}.Release|Any CPU.ActiveCfg = Release|Any CPU
		{5326A6D4-FA15-F3CC-696E-842D35EA528F}.Release|Any CPU.Build.0 = Release|Any CPU
	EndGlobalSection
	GlobalSection(SolutionProperties) = preSolution
		HideSolutionNode = FALSE
	EndGlobalSection
EndGlobal
